
Microsoft Visual Studio Solution File, Format Version 12.00
# Visual Studio Version 17
VisualStudioVersion = 17.0.31903.59
MinimumVisualStudioVersion = 10.0.40219.1
Project("{2150E333-8FDC-42A3-9474-1A3956D46DE8}") = "src", "src", "{827E0CD3-B72D-47B6-A68D-7590B98EB39B}"
EndProject
Project("{FAE04EC0-301F-11D3-BF4B-00C04F79EFBC}") = "BancoAnchoas.Domain", "src\BancoAnchoas.Domain\BancoAnchoas.Domain.csproj", "{0629F609-3FF3-430C-9789-42A8DFE2B7E5}"
EndProject
Project("{FAE04EC0-301F-11D3-BF4B-00C04F79EFBC}") = "BancoAnchoas.Application", "src\BancoAnchoas.Application\BancoAnchoas.Application.csproj", "{D9BBD3AC-C52C-4A85-8708-A467E69A4EED}"
EndProject
Project("{FAE04EC0-301F-11D3-BF4B-00C04F79EFBC}") = "BancoAnchoas.API", "src\BancoAnchoas.API\BancoAnchoas.API.csproj", "{53ADEE97-584F-4720-A804-86B3C8B8B695}"
EndProject
Project("{2150E333-8FDC-42A3-9474-1A3956D46DE8}") = "tests", "tests", "{0AB3BF05-4346-4AA6-1389-037BE0695223}"
EndProject
Project("{FAE04EC0-301F-11D3-BF4B-00C04F79EFBC}") = "BancoAnchoas.Application.Tests", "tests\BancoAnchoas.Application.Tests\BancoAnchoas.Application.Tests.csproj", "{F9C2F0BA-034F-4B90-9A27-BD9897C71754}"
EndProject
Project("{FAE04EC0-301F-11D3-BF4B-00C04F79EFBC}") = "BancoAnchoas.Integration.Tests", "tests\BancoAnchoas.Integration.Tests\BancoAnchoas.Integration.Tests.csproj", "{8938B55B-79A5-43D7-96F6-86E1FABD17F3}"
EndProject
Global
	GlobalSection(SolutionConfigurationPlatforms) = preSolution
		Debug|Any CPU = Debug|Any CPU
		Debug|x64 = Debug|x64
		Debug|x86 = Debug|x86
		Release|Any CPU = Release|Any CPU
		Release|x64 = Release|x64
		Release|x86 = Release|x86
	EndGlobalSection
	GlobalSection(ProjectConfigurationPlatforms) = postSolution
		{0629F609-3FF3-430C-9789-42A8DFE2B7E5}.Debug|Any CPU.ActiveCfg = Debug|Any CPU
		{0629F609-3FF3-430C-9789-42A8DFE2B7E5}.Debug|Any CPU.Build.0 = Debug|Any CPU
		{0629F609-3FF3-430C-9789-42A8DFE2B7E5}.Debug|x64.ActiveCfg = Debug|Any CPU
		{0629F609-3FF3-430C-9789-42A8DFE2B7E5}.Debug|x64.Build.0 = Debug|Any CPU
		{0629F609-3FF3-430C-9789-42A8DFE2B7E5}.Debug|x86.ActiveCfg = Debug|Any CPU
		{0629F609-3FF3-430C-9789-42A8DFE2B7E5}.Debug|x86.Build.0 = Debug|Any CPU
		{0629F609-3FF3-430C-9789-42A8DFE2B7E5}.Release|Any CPU.ActiveCfg = Release|Any CPU
		{0629F609-3FF3-430C-9789-42A8DFE2B7E5}.Release|Any CPU.Build.0 = Release|Any CPU
		{0629F609-3FF3-430C-9789-42A8DFE2B7E5}.Release|x64.ActiveCfg = Release|Any CPU
		{0629F609-3FF3-430C-9789-42A8DFE2B7E5}.Release|x64.Build.0 = Release|Any CPU
		{0629F609-3FF3-430C-9789-42A8DFE2B7E5}.Release|x86.ActiveCfg = Release|Any CPU
		{0629F609-3FF3-430C-9789-42A8DFE2B7E5}.Release|x86.Build.0 = Release|Any CPU
		{D9BBD3AC-C52C-4A85-8708-A467E69A4EED}.Debug|Any CPU.ActiveCfg = Debug|Any CPU
		{D9BBD3AC-C52C-4A85-8708-A467E69A4EED}.Debug|Any CPU.Build.0 = Debug|Any CPU
		{D9BBD3AC-C52C-4A85-8708-A467E69A4EED}.Debug|x64.ActiveCfg = Debug|Any CPU
		{D9BBD3AC-C52C-4A85-8708-A467E69A4EED}.Debug|x64.Build.0 = Debug|Any CPU
		{D9BBD3AC-C52C-4A85-8708-A467E69A4EED}.Debug|x86.ActiveCfg = Debug|Any CPU
		{D9BBD3AC-C52C-4A85-8708-A467E69A4EED}.Debug|x86.Build.0 = Debug|Any CPU
		{D9BBD3AC-C52C-4A85-8708-A467E69A4EED}.Release|Any CPU.ActiveCfg = Release|Any CPU
		{D9BBD3AC-C52C-4A85-8708-A467E69A4EED}.Release|Any CPU.Build.0 = Release|Any CPU
		{D9BBD3AC-C52C-4A85-8708-A467E69A4EED}.Release|x64.ActiveCfg = Release|Any CPU
		{D9BBD3AC-C52C-4A85-8708-A467E69A4EED}.Release|x64.Build.0 = Release|Any CPU
		{D9BBD3AC-C52C-4A85-8708-A467E69A4EED}.Release|x86.ActiveCfg = Release|Any CPU
		{D9BBD3AC-C52C-4A85-8708-A467E69A4EED}.Release|x86.Build.0 = Release|Any CPU
		{53ADEE97-584F-4720-A804-86B3C8B8B695}.Debug|Any CPU.ActiveCfg = Debug|Any CPU
		{53ADEE97-584F-4720-A804-86B3C8B8B695}.Debug|Any CPU.Build.0 = Debug|Any CPU
		{53ADEE97-584F-4720-A804-86B3C8B8B695}.Debug|x64.ActiveCfg = Debug|Any CPU
		{53ADEE97-584F-4720-A804-86B3C8B8B695}.Debug|x64.Build.0 = Debug|Any CPU
		{53ADEE97-584F-4720-A804-86B3C8B8B695}.Debug|x86.ActiveCfg = Debug|Any CPU
		{53ADEE97-584F-4720-A804-86B3C8B8B695}.Debug|x86.Build.0 = Debug|Any CPU
		{53ADEE97-584F-4720-A804-86B3C8B8B695}.Release|Any CPU.ActiveCfg = Release|Any CPU
		{53ADEE97-584F-4720-A804-86B3C8B8B695}.Release|Any CPU.Build.0 = Release|Any CPU
		{53ADEE97-584F-4720-A804-86B3C8B8B695}.Release|x64.ActiveCfg = Release|Any CPU
		{53ADEE97-584F-4720-A804-86B3C8B8B695}.Release|x64.Build.0 = Release|Any CPU
		{53ADEE97-584F-4720-A804-86B3C8B8B695}.Release|x86.ActiveCfg = Release|Any CPU
		{53ADEE97-584F-4720-A804-86B3C8B8B695}.Release|x86.Build.0 = Release|Any CPU
		{F9C2F0BA-034F-4B90-9A27-BD9897C71754}.Debug|Any CPU.ActiveCfg = Debug|Any CPU
		{F9C2F0BA-034F-4B90-9A27-BD9897C71754}.Debug|Any CPU.Build.0 = Debug|Any CPU
		{F9C2F0BA-034F-4B90-9A27-BD9897C71754}.Debug|x64.ActiveCfg = Debug|Any CPU
		{F9C2F0BA-034F-4B90-9A27-BD9897C71754}.Debug|x64.Build.0 = Debug|Any CPU
		{F9C2F0BA-034F-4B90-9A27-BD9897C71754}.Debug|x86.ActiveCfg = Debug|Any CPU
		{F9C2F0BA-034F-4B90-9A27-BD9897C71754}.Debug|x86.Build.0 = Debug|Any CPU
		{F9C2F0BA-034F-4B90-9A27-BD9897C71754}.Release|Any CPU.ActiveCfg = Release|Any CPU
		{F9C2F0BA-034F-4B90-9A27-BD9897C71754}.Release|Any CPU.Build.0 = Release|Any CPU
		{F9C2F0BA-034F-4B90-9A27-BD9897C71754}.Release|x64.ActiveCfg = Release|Any CPU
		{F9C2F0BA-034F-4B90-9A27-BD9897C71754}.Release|x64.Build.0 = Release|Any CPU
		{F9C2F0BA-034F-4B90-9A27-BD9897C71754}.Release|x86.ActiveCfg = Release|Any CPU
		{F9C2F0BA-034F-4B90-9A27-BD9897C71754}.Release|x86.Build.0 = Release|Any CPU
		{8938B55B-79A5-43D7-96F6-86E1FABD17F3}.Debug|Any CPU.ActiveCfg = Debug|Any CPU
		{8938B55B-79A5-43D7-96F6-86E1FABD17F3}.Debug|Any CPU.Build.0 = Debug|Any CPU
		{8938B55B-79A5-43D7-96F6-86E1FABD17F3}.Debug|x64.ActiveCfg = Debug|Any CPU
		{8938B55B-79A5-43D7-96F6-86E1FABD17F3}.Debug|x64.Build.0 = Debug|Any CPU
		{8938B55B-79A5-43D7-96F6-86E1FABD17F3}.Debug|x86.ActiveCfg = Debug|Any CPU
		{8938B55B-79A5-43D7-96F6-86E1FABD17F3}.Debug|x86.Build.0 = Debug|Any CPU
		{8938B55B-79A5-43D7-96F6-86E1FABD17F3}.Release|Any CPU.ActiveCfg = Release|Any CPU
		{8938B55B-79A5-43D7-96F6-86E1FABD17F3}.Release|Any CPU.Build.0 = Release|Any CPU
		{8938B55B-79A5-43D7-96F6-86E1FABD17F3}.Release|x64.ActiveCfg = Release|Any CPU
		{8938B55B-79A5-43D7-96F6-86E1FABD17F3}.Release|x64.Build.0 = Release|Any CPU
		{8938B55B-79A5-43D7-96F6-86E1FABD17F3}.Release|x86.ActiveCfg = Release|Any CPU
		{8938B55B-79A5-43D7-96F6-86E1FABD17F3}.Release|x86.Build.0 = Release|Any CPU
	EndGlobalSection
	GlobalSection(SolutionProperties) = preSolution
		HideSolutionNode = FALSE
	EndGlobalSection
	GlobalSection(NestedProjects) = preSolution
		{0629F609-3FF3-430C-9789-42A8DFE2B7E5} = {827E0CD3-B72D-47B6-A68D-7590B98EB39B}
		{D9BBD3AC-C52C-4A85-8708-A467E69A4EED} = {827E0CD3-B72D-47B6-A68D-7590B98EB39B}
		{53ADEE97-584F-4720-A804-86B3C8B8B695} = {827E0CD3-B72D-47B6-A68D-7590B98EB39B}
		{F9C2F0BA-034F-4B90-9A27-BD9897C71754} = {0AB3BF05-4346-4AA6-1389-037BE0695223}
		{8938B55B-79A5-43D7-96F6-86E1FABD17F3} = {0AB3BF05-4346-4AA6-1389-037BE0695223}
	EndGlobalSection
EndGlobal
